
Microsoft Visual Studio Solution File, Format Version 12.00
# Visual Studio Version 16
VisualStudioVersion = 16.0.30523.141
MinimumVisualStudioVersion = 10.0.40219.1
Project("{9A19103F-16F7-4668-BE54-9A1E7A4F7556}") = "Api", "Api.csproj", "{97B7526B-8F9C-427A-9E5B-D29F85745097}"
EndProject
Project("{FAE04EC0-301F-11D3-BF4B-00C04F79EFBC}") = "ApiTeste", "..\ApiTeste\ApiTeste.csproj", "{22D2F121-BBC1-461E-8205-574E68DEB169}"
EndProject
Global
	GlobalSection(SolutionConfigurationPlatforms) = preSolution
		Debug|Any CPU = Debug|Any CPU
		Release|Any CPU = Release|Any CPU
	EndGlobalSection
	GlobalSection(ProjectConfigurationPlatforms) = postSolution
		{97B7526B-8F9C-427A-9E5B-D29F85745097}.Debug|Any CPU.ActiveCfg = Debug|Any CPU
		{97B7526B-8F9C-427A-9E5B-D29F85745097}.Debug|Any CPU.Build.0 = Debug|Any CPU
		{97B7526B-8F9C-427A-9E5B-D29F85745097}.Release|Any CPU.ActiveCfg = Release|Any CPU
		{97B7526B-8F9C-427A-9E5B-D29F85745097}.Release|Any CPU.Build.0 = Release|Any CPU
		{22D2F121-BBC1-461E-8205-574E68DEB169}.Debug|Any CPU.ActiveCfg = Debug|Any CPU
		{22D2F121-BBC1-461E-8205-574E68DEB169}.Debug|Any CPU.Build.0 = Debug|Any CPU
		{22D2F121-BBC1-461E-8205-574E68DEB169}.Release|Any CPU.ActiveCfg = Release|Any CPU
		{22D2F121-BBC1-461E-8205-574E68DEB169}.Release|Any CPU.Build.0 = Release|Any CPU
	EndGlobalSection
	GlobalSection(SolutionProperties) = preSolution
		HideSolutionNode = FALSE
	EndGlobalSection
	GlobalSection(ExtensibilityGlobals) = postSolution
		SolutionGuid = {48D6EAA3-60E3-4E60-A192-963B44916C44}
	EndGlobalSection
EndGlobal
